
Microsoft Visual Studio Solution File, Format Version 12.00
# Visual Studio Version 16
VisualStudioVersion = 16.0.31005.135
MinimumVisualStudioVersion = 10.0.40219.1
Project("{FAE04EC0-301F-11D3-BF4B-00C04F79EFBC}") = "hellosSearch", "hellosSearch\hellosSearch.csproj", "{406C2E12-EC18-4AD4-BA89-0C6441AF24BC}"
EndProject
Global
	GlobalSection(SolutionConfigurationPlatforms) = preSolution
		Debug|Any CPU = Debug|Any CPU
		Release|Any CPU = Release|Any CPU
	EndGlobalSection
	GlobalSection(ProjectConfigurationPlatforms) = postSolution
		{406C2E12-EC18-4AD4-BA89-0C6441AF24BC}.Debug|Any CPU.ActiveCfg = Debug|Any CPU
		{406C2E12-EC18-4AD4-BA89-0C6441AF24BC}.Debug|Any CPU.Build.0 = Debug|Any CPU
		{406C2E12-EC18-4AD4-BA89-0C6441AF24BC}.Release|Any CPU.ActiveCfg = Release|Any CPU
		{406C2E12-EC18-4AD4-BA89-0C6441AF24BC}.Release|Any CPU.Build.0 = Release|Any CPU
	EndGlobalSection
	GlobalSection(SolutionProperties) = preSolution
		HideSolutionNode = FALSE
	EndGlobalSection
	GlobalSection(ExtensibilityGlobals) = postSolution
		SolutionGuid = {E342BD4F-4C86-4122-9DBA-8EFE40E98E17}
	EndGlobalSection
EndGlobal
